
Microsoft Visual Studio Solution File, Format Version 12.00
# Visual Studio Version 16
VisualStudioVersion = 16.0.31702.278
MinimumVisualStudioVersion = 10.0.40219.1
Project("{FAE04EC0-301F-11D3-BF4B-00C04F79EFBC}") = "WebApplication1", "WebApplication1\WebApplication1.csproj", "{EC19BEE9-F4B6-4C2D-8A3C-751ED57E62EC}"
EndProject
Project("{FAE04EC0-301F-11D3-BF4B-00C04F79EFBC}") = "DataAccesLayer", "DataAccesLayer\DataAccesLayer.csproj", "{071B82EF-96BE-428D-828B-0D99B0AC9D92}"
EndProject
Project("{FAE04EC0-301F-11D3-BF4B-00C04F79EFBC}") = "EntityLayer1", "EntityLayer1\EntityLayer1.csproj", "{12DE023A-C755-4ED2-B75E-6EBC59155160}"
EndProject
Project("{FAE04EC0-301F-11D3-BF4B-00C04F79EFBC}") = "BusinessLayer2", "BusinessLayer2\BusinessLayer2.csproj", "{2250958D-4048-4DC7-A063-AF2FB0EE09B7}"
EndProject
Global
	GlobalSection(SolutionConfigurationPlatforms) = preSolution
		Debug|Any CPU = Debug|Any CPU
		Release|Any CPU = Release|Any CPU
	EndGlobalSection
	GlobalSection(ProjectConfigurationPlatforms) = postSolution
		{EC19BEE9-F4B6-4C2D-8A3C-751ED57E62EC}.Debug|Any CPU.ActiveCfg = Debug|Any CPU
		{EC19BEE9-F4B6-4C2D-8A3C-751ED57E62EC}.Debug|Any CPU.Build.0 = Debug|Any CPU
		{EC19BEE9-F4B6-4C2D-8A3C-751ED57E62EC}.Release|Any CPU.ActiveCfg = Release|Any CPU
		{EC19BEE9-F4B6-4C2D-8A3C-751ED57E62EC}.Release|Any CPU.Build.0 = Release|Any CPU
		{071B82EF-96BE-428D-828B-0D99B0AC9D92}.Debug|Any CPU.ActiveCfg = Debug|Any CPU
		{071B82EF-96BE-428D-828B-0D99B0AC9D92}.Debug|Any CPU.Build.0 = Debug|Any CPU
		{071B82EF-96BE-428D-828B-0D99B0AC9D92}.Release|Any CPU.ActiveCfg = Release|Any CPU
		{071B82EF-96BE-428D-828B-0D99B0AC9D92}.Release|Any CPU.Build.0 = Release|Any CPU
		{12DE023A-C755-4ED2-B75E-6EBC59155160}.Debug|Any CPU.ActiveCfg = Debug|Any CPU
		{12DE023A-C755-4ED2-B75E-6EBC59155160}.Debug|Any CPU.Build.0 = Debug|Any CPU
		{12DE023A-C755-4ED2-B75E-6EBC59155160}.Release|Any CPU.ActiveCfg = Release|Any CPU
		{12DE023A-C755-4ED2-B75E-6EBC59155160}.Release|Any CPU.Build.0 = Release|Any CPU
		{2250958D-4048-4DC7-A063-AF2FB0EE09B7}.Debug|Any CPU.ActiveCfg = Debug|Any CPU
		{2250958D-4048-4DC7-A063-AF2FB0EE09B7}.Debug|Any CPU.Build.0 = Debug|Any CPU
		{2250958D-4048-4DC7-A063-AF2FB0EE09B7}.Release|Any CPU.ActiveCfg = Release|Any CPU
		{2250958D-4048-4DC7-A063-AF2FB0EE09B7}.Release|Any CPU.Build.0 = Release|Any CPU
	EndGlobalSection
	GlobalSection(SolutionProperties) = preSolution
		HideSolutionNode = FALSE
	EndGlobalSection
	GlobalSection(ExtensibilityGlobals) = postSolution
		SolutionGuid = {3B553AE6-37D8-4403-9575-88B199A77B73}
	EndGlobalSection
EndGlobal
